// !$*UTF8*$!
{
	archiveVersion = 1;
	classes = {
	};
	objectVersion = 50;
	objects = {

/* Begin PBXBuildFile section */
		07C0B94F2AE203589AD45B32 /* Pods_Maths.framework in Frameworks */ = {isa = PBXBuildFile; fileRef = F996CD8246F9CCE30B1ED8E4 /* Pods_Maths.framework */; };
		872B9505230458AC0002618B /* AppDelegate.swift in Sources */ = {isa = PBXBuildFile; fileRef = 872B9504230458AC0002618B /* AppDelegate.swift */; };
		872B9507230458AC0002618B /* StartScreen.swift in Sources */ = {isa = PBXBuildFile; fileRef = 872B9506230458AC0002618B /* StartScreen.swift */; };
		872B950A230458AC0002618B /* Main.storyboard in Resources */ = {isa = PBXBuildFile; fileRef = 872B9508230458AC0002618B /* Main.storyboard */; };
		872B950C230458B20002618B /* Assets.xcassets in Resources */ = {isa = PBXBuildFile; fileRef = 872B950B230458B20002618B /* Assets.xcassets */; };
		872B950F230458B20002618B /* LaunchScreen.storyboard in Resources */ = {isa = PBXBuildFile; fileRef = 872B950D230458B20002618B /* LaunchScreen.storyboard */; };
		872B9519230460FD0002618B /* ActualGame.swift in Sources */ = {isa = PBXBuildFile; fileRef = 872B9518230460FD0002618B /* ActualGame.swift */; };
		87488AFE2322D47600DCCE54 /* WebKit.framework in Frameworks */ = {isa = PBXBuildFile; fileRef = 87488AFD2322D47500DCCE54 /* WebKit.framework */; };
		87816BA2230607930039B160 /* Score.swift in Sources */ = {isa = PBXBuildFile; fileRef = 87816BA1230607930039B160 /* Score.swift */; };
/* End PBXBuildFile section */

/* Begin PBXFileReference section */
		872B9501230458AC0002618B /* Maths.app */ = {isa = PBXFileReference; explicitFileType = wrapper.application; includeInIndex = 0; path = Maths.app; sourceTree = BUILT_PRODUCTS_DIR; };
		872B9504230458AC0002618B /* AppDelegate.swift */ = {isa = PBXFileReference; lastKnownFileType = sourcecode.swift; path = AppDelegate.swift; sourceTree = "<group>"; };
		872B9506230458AC0002618B /* StartScreen.swift */ = {isa = PBXFileReference; lastKnownFileType = sourcecode.swift; path = StartScreen.swift; sourceTree = "<group>"; };
		872B9509230458AC0002618B /* Base */ = {isa = PBXFileReference; lastKnownFileType = file.storyboard; name = Base; path = Base.lproj/Main.storyboard; sourceTree = "<group>"; };
		872B950B230458B20002618B /* Assets.xcassets */ = {isa = PBXFileReference; lastKnownFileType = folder.assetcatalog; path = Assets.xcassets; sourceTree = "<group>"; };
		872B950E230458B20002618B /* Base */ = {isa = PBXFileReference; lastKnownFileType = file.storyboard; name = Base; path = Base.lproj/LaunchScreen.storyboard; sourceTree = "<group>"; };
		872B9510230458B20002618B /* Info.plist */ = {isa = PBXFileReference; lastKnownFileType = text.plist.xml; path = Info.plist; sourceTree = "<group>"; };
		872B9518230460FD0002618B /* ActualGame.swift */ = {isa = PBXFileReference; lastKnownFileType = sourcecode.swift; path = ActualGame.swift; sourceTree = "<group>"; };
		87488AFD2322D47500DCCE54 /* WebKit.framework */ = {isa = PBXFileReference; lastKnownFileType = wrapper.framework; name = WebKit.framework; path = System/Library/Frameworks/WebKit.framework; sourceTree = SDKROOT; };
		87816BA1230607930039B160 /* Score.swift */ = {isa = PBXFileReference; lastKnownFileType = sourcecode.swift; path = Score.swift; sourceTree = "<group>"; };
		882E9ECA41843777C1170B79 /* Pods-Maths.release.xcconfig */ = {isa = PBXFileReference; includeInIndex = 1; lastKnownFileType = text.xcconfig; name = "Pods-Maths.release.xcconfig"; path = "Pods/Target Support Files/Pods-Maths/Pods-Maths.release.xcconfig"; sourceTree = "<group>"; };
		A392568D1CF76F954ACFA2CF /* Pods-Maths.debug.xcconfig */ = {isa = PBXFileReference; includeInIndex = 1; lastKnownFileType = text.xcconfig; name = "Pods-Maths.debug.xcconfig"; path = "Pods/Target Support Files/Pods-Maths/Pods-Maths.debug.xcconfig"; sourceTree = "<group>"; };
		F996CD8246F9CCE30B1ED8E4 /* Pods_Maths.framework */ = {isa = PBXFileReference; explicitFileType = wrapper.framework; includeInIndex = 0; path = Pods_Maths.framework; sourceTree = BUILT_PRODUCTS_DIR; };
/* End PBXFileReference section */

/* Begin PBXFrameworksBuildPhase section */
		872B94FE230458AC0002618B /* Frameworks */ = {
			isa = PBXFrameworksBuildPhase;
			buildActionMask = 2147483647;
			files = (
				87488AFE2322D47600DCCE54 /* WebKit.framework in Frameworks */,
				07C0B94F2AE203589AD45B32 /* Pods_Maths.framework in Frameworks */,
			);
			runOnlyForDeploymentPostprocessing = 0;
		};
/* End PBXFrameworksBuildPhase section */

/* Begin PBXGroup section */
		872B94F8230458AC0002618B = {
			isa = PBXGroup;
			children = (
				872B9503230458AC0002618B /* Maths */,
				872B9502230458AC0002618B /* Products */,
				97FDF4121E9AFF578FABA43B /* Pods */,
				9EDD0F13ED394A79A65D55D5 /* Frameworks */,
			);
			sourceTree = "<group>";
		};
		872B9502230458AC0002618B /* Products */ = {
			isa = PBXGroup;
			children = (
				872B9501230458AC0002618B /* Maths.app */,
			);
			name = Products;
			sourceTree = "<group>";
		};
		872B9503230458AC0002618B /* Maths */ = {
			isa = PBXGroup;
			children = (
				872B9518230460FD0002618B /* ActualGame.swift */,
				872B9506230458AC0002618B /* StartScreen.swift */,
				872B9504230458AC0002618B /* AppDelegate.swift */,
				872B9508230458AC0002618B /* Main.storyboard */,
				87816BA1230607930039B160 /* Score.swift */,
				872B950B230458B20002618B /* Assets.xcassets */,
				872B950D230458B20002618B /* LaunchScreen.storyboard */,
				872B9510230458B20002618B /* Info.plist */,
			);
			path = Maths;
			sourceTree = "<group>";
		};
		97FDF4121E9AFF578FABA43B /* Pods */ = {
			isa = PBXGroup;
			children = (
				A392568D1CF76F954ACFA2CF /* Pods-Maths.debug.xcconfig */,
				882E9ECA41843777C1170B79 /* Pods-Maths.release.xcconfig */,
			);
			name = Pods;
			sourceTree = "<group>";
		};
		9EDD0F13ED394A79A65D55D5 /* Frameworks */ = {
			isa = PBXGroup;
			children = (
				87488AFD2322D47500DCCE54 /* WebKit.framework */,
				F996CD8246F9CCE30B1ED8E4 /* Pods_Maths.framework */,
			);
			name = Frameworks;
			sourceTree = "<group>";
		};
/* End PBXGroup section */

/* Begin PBXNativeTarget section */
		872B9500230458AC0002618B /* Maths */ = {
			isa = PBXNativeTarget;
			buildConfigurationList = 872B9513230458B20002618B /* Build configuration list for PBXNativeTarget "Maths" */;
			buildPhases = (
				3A57B2B2E0C9F2E36F537E65 /* [CP] Check Pods Manifest.lock */,
				872B94FD230458AC0002618B /* Sources */,
				872B94FE230458AC0002618B /* Frameworks */,
				872B94FF230458AC0002618B /* Resources */,
				7A640174F731443FAC834F15 /* [CP] Embed Pods Frameworks */,
			);
			buildRules = (
			);
			dependencies = (
			);
			name = Maths;
			productName = Maths;
			productReference = 872B9501230458AC0002618B /* Maths.app */;
			productType = "com.apple.product-type.application";
		};
/* End PBXNativeTarget section */

/* Begin PBXProject section */
		872B94F9230458AC0002618B /* Project object */ = {
			isa = PBXProject;
			attributes = {
				LastSwiftUpdateCheck = 1030;
				LastUpgradeCheck = 1030;
				ORGANIZATIONNAME = "Maciej Przybylski";
				TargetAttributes = {
					872B9500230458AC0002618B = {
						CreatedOnToolsVersion = 10.3;
					};
				};
			};
			buildConfigurationList = 872B94FC230458AC0002618B /* Build configuration list for PBXProject "Maths" */;
			compatibilityVersion = "Xcode 9.3";
			developmentRegion = en;
			hasScannedForEncodings = 0;
			knownRegions = (
				en,
				Base,
			);
			mainGroup = 872B94F8230458AC0002618B;
			productRefGroup = 872B9502230458AC0002618B /* Products */;
			projectDirPath = "";
			projectRoot = "";
			targets = (
				872B9500230458AC0002618B /* Maths */,
			);
		};
/* End PBXProject section */

/* Begin PBXResourcesBuildPhase section */
		872B94FF230458AC0002618B /* Resources */ = {
			isa = PBXResourcesBuildPhase;
			buildActionMask = 2147483647;
			files = (
				872B950F230458B20002618B /* LaunchScreen.storyboard in Resources */,
				872B950C230458B20002618B /* Assets.xcassets in Resources */,
				872B950A230458AC0002618B /* Main.storyboard in Resources */,
			);
			runOnlyForDeploymentPostprocessing = 0;
		};
/* End PBXResourcesBuildPhase section */

/* Begin PBXShellScriptBuildPhase section */
		3A57B2B2E0C9F2E36F537E65 /* [CP] Check Pods Manifest.lock */ = {
			isa = PBXShellScriptBuildPhase;
			buildActionMask = 2147483647;
			files = (
			);
			inputPaths = (
				"${PODS_PODFILE_DIR_PATH}/Podfile.lock",
				"${PODS_ROOT}/Manifest.lock",
			);
			name = "[CP] Check Pods Manifest.lock";
			outputPaths = (
				"$(DERIVED_FILE_DIR)/Pods-Maths-checkManifestLockResult.txt",
			);
			runOnlyForDeploymentPostprocessing = 0;
			shellPath = /bin/sh;
			shellScript = "diff \"${PODS_PODFILE_DIR_PATH}/Podfile.lock\" \"${PODS_ROOT}/Manifest.lock\" > /dev/null\nif [ $? != 0 ] ; then\n    # print error to STDERR\n    echo \"error: The sandbox is not in sync with the Podfile.lock. Run 'pod install' or update your CocoaPods installation.\" >&2\n    exit 1\nfi\n# This output is used by Xcode 'outputs' to avoid re-running this script phase.\necho \"SUCCESS\" > \"${SCRIPT_OUTPUT_FILE_0}\"\n";
			showEnvVarsInLog = 0;
		};
		7A640174F731443FAC834F15 /* [CP] Embed Pods Frameworks */ = {
			isa = PBXShellScriptBuildPhase;
			buildActionMask = 2147483647;
			files = (
			);
			inputPaths = (
				"${SRCROOT}/Pods/Target Support Files/Pods-Maths/Pods-Maths-frameworks.sh",
				"${BUILT_PRODUCTS_DIR}/ChameleonFramework/ChameleonFramework.framework",
			);
			name = "[CP] Embed Pods Frameworks";
			outputPaths = (
				"${TARGET_BUILD_DIR}/${FRAMEWORKS_FOLDER_PATH}/ChameleonFramework.framework",
			);
			runOnlyForDeploymentPostprocessing = 0;
			shellPath = /bin/sh;
			shellScript = "\"${SRCROOT}/Pods/Target Support Files/Pods-Maths/Pods-Maths-frameworks.sh\"\n";
			showEnvVarsInLog = 0;
		};
/* End PBXShellScriptBuildPhase section */

/* Begin PBXSourcesBuildPhase section */
		872B94FD230458AC0002618B /* Sources */ = {
			isa = PBXSourcesBuildPhase;
			buildActionMask = 2147483647;
			files = (
				872B9507230458AC0002618B /* StartScreen.swift in Sources */,
				872B9519230460FD0002618B /* ActualGame.swift in Sources */,
				87816BA2230607930039B160 /* Score.swift in Sources */,
				872B9505230458AC0002618B /* AppDelegate.swift in Sources */,
			);
			runOnlyForDeploymentPostprocessing = 0;
		};
/* End PBXSourcesBuildPhase section */

/* Begin PBXVariantGroup section */
		872B9508230458AC0002618B /* Main.storyboard */ = {
			isa = PBXVariantGroup;
			children = (
				872B9509230458AC0002618B /* Base */,
			);
			name = Main.storyboard;
			sourceTree = "<group>";
		};
		872B950D230458B20002618B /* LaunchScreen.storyboard */ = {
			isa = PBXVariantGroup;
			children = (
				872B950E230458B20002618B /* Base */,
			);
			name = LaunchScreen.storyboard;
			sourceTree = "<group>";
		};
/* End PBXVariantGroup section */

/* Begin XCBuildConfiguration section */
		872B9511230458B20002618B /* Debug */ = {
			isa = XCBuildConfiguration;
			buildSettings = {
				ALWAYS_SEARCH_USER_PATHS = NO;
				CLANG_ANALYZER_NONNULL = YES;
				CLANG_ANALYZER_NUMBER_OBJECT_CONVERSION = YES_AGGRESSIVE;
				CLANG_CXX_LANGUAGE_STANDARD = "gnu++14";
				CLANG_CXX_LIBRARY = "libc++";
				CLANG_ENABLE_MODULES = YES;
				CLANG_ENABLE_OBJC_ARC = YES;
				CLANG_ENABLE_OBJC_WEAK = YES;
				CLANG_WARN_BLOCK_CAPTURE_AUTORELEASING = YES;
				CLANG_WARN_BOOL_CONVERSION = YES;
				CLANG_WARN_COMMA = YES;
				CLANG_WARN_CONSTANT_CONVERSION = YES;
				CLANG_WARN_DEPRECATED_OBJC_IMPLEMENTATIONS = YES;
				CLANG_WARN_DIRECT_OBJC_ISA_USAGE = YES_ERROR;
				CLANG_WARN_DOCUMENTATION_COMMENTS = YES;
				CLANG_WARN_EMPTY_BODY = YES;
				CLANG_WARN_ENUM_CONVERSION = YES;
				CLANG_WARN_INFINITE_RECURSION = YES;
				CLANG_WARN_INT_CONVERSION = YES;
				CLANG_WARN_NON_LITERAL_NULL_CONVERSION = YES;
				CLANG_WARN_OBJC_IMPLICIT_RETAIN_SELF = YES;
				CLANG_WARN_OBJC_LITERAL_CONVERSION = YES;
				CLANG_WARN_OBJC_ROOT_CLASS = YES_ERROR;
				CLANG_WARN_RANGE_LOOP_ANALYSIS = YES;
				CLANG_WARN_STRICT_PROTOTYPES = YES;
				CLANG_WARN_SUSPICIOUS_MOVE = YES;
				CLANG_WARN_UNGUARDED_AVAILABILITY = YES_AGGRESSIVE;
				CLANG_WARN_UNREACHABLE_CODE = YES;
				CLANG_WARN__DUPLICATE_METHOD_MATCH = YES;
				CODE_SIGN_IDENTITY = "iPhone Developer";
				COPY_PHASE_STRIP = NO;
				DEBUG_INFORMATION_FORMAT = dwarf;
				ENABLE_STRICT_OBJC_MSGSEND = YES;
				ENABLE_TESTABILITY = YES;
				GCC_C_LANGUAGE_STANDARD = gnu11;
				GCC_DYNAMIC_NO_PIC = NO;
				GCC_NO_COMMON_BLOCKS = YES;
				GCC_OPTIMIZATION_LEVEL = 0;
				GCC_PREPROCESSOR_DEFINITIONS = (
					"DEBUG=1",
					"$(inherited)",
				);
				GCC_WARN_64_TO_32_BIT_CONVERSION = YES;
				GCC_WARN_ABOUT_RETURN_TYPE = YES_ERROR;
				GCC_WARN_UNDECLARED_SELECTOR = YES;
				GCC_WARN_UNINITIALIZED_AUTOS = YES_AGGRESSIVE;
				GCC_WARN_UNUSED_FUNCTION = YES;
				GCC_WARN_UNUSED_VARIABLE = YES;
				IPHONEOS_DEPLOYMENT_TARGET = 12.4;
				MTL_ENABLE_DEBUG_INFO = INCLUDE_SOURCE;
				MTL_FAST_MATH = YES;
				ONLY_ACTIVE_ARCH = YES;
				SDKROOT = iphoneos;
				SWIFT_ACTIVE_COMPILATION_CONDITIONS = DEBUG;
				SWIFT_OPTIMIZATION_LEVEL = "-Onone";
			};
			name = Debug;
		};
		872B9512230458B20002618B /* Release */ = {
			isa = XCBuildConfiguration;
			buildSettings = {
				ALWAYS_SEARCH_USER_PATHS = NO;
				CLANG_ANALYZER_NONNULL = YES;
				CLANG_ANALYZER_NUMBER_OBJECT_CONVERSION = YES_AGGRESSIVE;
				CLANG_CXX_LANGUAGE_STANDARD = "gnu++14";
				CLANG_CXX_LIBRARY = "libc++";
				CLANG_ENABLE_MODULES = YES;
				CLANG_ENABLE_OBJC_ARC = YES;
				CLANG_ENABLE_OBJC_WEAK = YES;
				CLANG_WARN_BLOCK_CAPTURE_AUTORELEASING = YES;
				CLANG_WARN_BOOL_CONVERSION = YES;
				CLANG_WARN_COMMA = YES;
				CLANG_WARN_CONSTANT_CONVERSION = YES;
				CLANG_WARN_DEPRECATED_OBJC_IMPLEMENTATIONS = YES;
				CLANG_WARN_DIRECT_OBJC_ISA_USAGE = YES_ERROR;
				CLANG_WARN_DOCUMENTATION_COMMENTS = YES;
				CLANG_WARN_EMPTY_BODY = YES;
				CLANG_WARN_ENUM_CONVERSION = YES;
				CLANG_WARN_INFINITE_RECURSION = YES;
				CLANG_WARN_INT_CONVERSION = YES;
				CLANG_WARN_NON_LITERAL_NULL_CONVERSION = YES;
				CLANG_WARN_OBJC_IMPLICIT_RETAIN_SELF = YES;
				CLANG_WARN_OBJC_LITERAL_CONVERSION = YES;
				CLANG_WARN_OBJC_ROOT_CLASS = YES_ERROR;
				CLANG_WARN_RANGE_LOOP_ANALYSIS = YES;
				CLANG_WARN_STRICT_PROTOTYPES = YES;
				CLANG_WARN_SUSPICIOUS_MOVE = YES;
				CLANG_WARN_UNGUARDED_AVAILABILITY = YES_AGGRESSIVE;
				CLANG_WARN_UNREACHABLE_CODE = YES;
				CLANG_WARN__DUPLICATE_METHOD_MATCH = YES;
				CODE_SIGN_IDENTITY = "iPhone Developer";
				COPY_PHASE_STRIP = NO;
				DEBUG_INFORMATION_FORMAT = "dwarf-with-dsym";
				ENABLE_NS_ASSERTIONS = NO;
				ENABLE_STRICT_OBJC_MSGSEND = YES;
				GCC_C_LANGUAGE_STANDARD = gnu11;
				GCC_NO_COMMON_BLOCKS = YES;
				GCC_WARN_64_TO_32_BIT_CONVERSION = YES;
				GCC_WARN_ABOUT_RETURN_TYPE = YES_ERROR;
				GCC_WARN_UNDECLARED_SELECTOR = YES;
				GCC_WARN_UNINITIALIZED_AUTOS = YES_AGGRESSIVE;
				GCC_WARN_UNUSED_FUNCTION = YES;
				GCC_WARN_UNUSED_VARIABLE = YES;
				IPHONEOS_DEPLOYMENT_TARGET = 12.4;
				MTL_ENABLE_DEBUG_INFO = NO;
				MTL_FAST_MATH = YES;
				SDKROOT = iphoneos;
				SWIFT_COMPILATION_MODE = wholemodule;
				SWIFT_OPTIMIZATION_LEVEL = "-O";
				VALIDATE_PRODUCT = YES;
			};
			name = Release;
		};
		872B9514230458B20002618B /* Debug */ = {
			isa = XCBuildConfiguration;
			baseConfigurationReference = A392568D1CF76F954ACFA2CF /* Pods-Maths.debug.xcconfig */;
			buildSettings = {
				ASSETCATALOG_COMPILER_APPICON_NAME = AppIcon;
				CODE_SIGN_STYLE = Automatic;
				DEVELOPMENT_TEAM = B3DP3677P6;
				INFOPLIST_FILE = Maths/Info.plist;
				IPHONEOS_DEPLOYMENT_TARGET = 12.0;
				LD_RUNPATH_SEARCH_PATHS = (
					"$(inherited)",
					"@executable_path/Frameworks",
				);
				PRODUCT_BUNDLE_IDENTIFIER = com.cyan.Maths;
				PRODUCT_NAME = "$(TARGET_NAME)";
				SWIFT_VERSION = 5.0;
				TARGETED_DEVICE_FAMILY = "1,2";
			};
			name = Debug;
		};
		872B9515230458B20002618B /* Release */ = {
			isa = XCBuildConfiguration;
			baseConfigurationReference = 882E9ECA41843777C1170B79 /* Pods-Maths.release.xcconfig */;
			buildSettings = {
				ASSETCATALOG_COMPILER_APPICON_NAME = AppIcon;
				CODE_SIGN_STYLE = Automatic;
				DEVELOPMENT_TEAM = B3DP3677P6;
				INFOPLIST_FILE = Maths/Info.plist;
				IPHONEOS_DEPLOYMENT_TARGET = 12.0;
				LD_RUNPATH_SEARCH_PATHS = (
					"$(inherited)",
					"@executable_path/Frameworks",
				);
				PRODUCT_BUNDLE_IDENTIFIER = com.cyan.Maths;
				PRODUCT_NAME = "$(TARGET_NAME)";
				SWIFT_VERSION = 5.0;
				TARGETED_DEVICE_FAMILY = "1,2";
			};
			name = Release;
		};
/* End XCBuildConfiguration section */

/* Begin XCConfigurationList section */
		872B94FC230458AC0002618B /* Build configuration list for PBXProject "Maths" */ = {
			isa = XCConfigurationList;
			buildConfigurations = (
				872B9511230458B20002618B /* Debug */,
				872B9512230458B20002618B /* Release */,
			);
			defaultConfigurationIsVisible = 0;
			defaultConfigurationName = Release;
		};
		872B9513230458B20002618B /* Build configuration list for PBXNativeTarget "Maths" */ = {
			isa = XCConfigurationList;
			buildConfigurations = (
				872B9514230458B20002618B /* Debug */,
				872B9515230458B20002618B /* Release */,
			);
			defaultConfigurationIsVisible = 0;
			defaultConfigurationName = Release;
		};
/* End XCConfigurationList section */
	};
	rootObject = 872B94F9230458AC0002618B /* Project object */;
}
